
Microsoft Visual Studio Solution File, Format Version 12.00
# Visual Studio Version 17
VisualStudioVersion = 17.10.35122.118
MinimumVisualStudioVersion = 10.0.40219.1
Project("{9A19103F-16F7-4668-BE54-9A1E7A4F7556}") = "GDIbuilder", "GDIbuilder.csproj", "{80DB9BF7-5536-40D3-8EC3-CB7AEBF27716}"
EndProject
Project("{9A19103F-16F7-4668-BE54-9A1E7A4F7556}") = "buildgdi", "..\buildgdi\buildgdi.csproj", "{50639B74-0DA3-4BF3-AA79-AFF0B953B1C3}"
EndProject
Project("{9A19103F-16F7-4668-BE54-9A1E7A4F7556}") = "DiscUtilsGD", "..\DiscUtilsGD\DiscUtilsGD.csproj", "{3DADDAAD-3E6D-46D1-97E9-2309193545D6}"
EndProject
Global
	GlobalSection(SolutionConfigurationPlatforms) = preSolution
		Debug|Any CPU = Debug|Any CPU
		Debug|Mixed Platforms = Debug|Mixed Platforms
		Debug|x86 = Debug|x86
		Release|Any CPU = Release|Any CPU
		Release|Mixed Platforms = Release|Mixed Platforms
		Release|x86 = Release|x86
	EndGlobalSection
	GlobalSection(ProjectConfigurationPlatforms) = postSolution
		{80DB9BF7-5536-40D3-8EC3-CB7AEBF27716}.Debug|Any CPU.ActiveCfg = Debug|Any CPU
		{80DB9BF7-5536-40D3-8EC3-CB7AEBF27716}.Debug|Any CPU.Build.0 = Debug|Any CPU
		{80DB9BF7-5536-40D3-8EC3-CB7AEBF27716}.Debug|Mixed Platforms.ActiveCfg = Debug|Any CPU
		{80DB9BF7-5536-40D3-8EC3-CB7AEBF27716}.Debug|Mixed Platforms.Build.0 = Debug|Any CPU
		{80DB9BF7-5536-40D3-8EC3-CB7AEBF27716}.Debug|x86.ActiveCfg = Debug|Any CPU
		{80DB9BF7-5536-40D3-8EC3-CB7AEBF27716}.Debug|x86.Build.0 = Debug|Any CPU
		{80DB9BF7-5536-40D3-8EC3-CB7AEBF27716}.Release|Any CPU.ActiveCfg = Release|Any CPU
		{80DB9BF7-5536-40D3-8EC3-CB7AEBF27716}.Release|Any CPU.Build.0 = Release|Any CPU
		{80DB9BF7-5536-40D3-8EC3-CB7AEBF27716}.Release|Mixed Platforms.ActiveCfg = Release|Any CPU
		{80DB9BF7-5536-40D3-8EC3-CB7AEBF27716}.Release|Mixed Platforms.Build.0 = Release|Any CPU
		{80DB9BF7-5536-40D3-8EC3-CB7AEBF27716}.Release|x86.ActiveCfg = Release|Any CPU
		{80DB9BF7-5536-40D3-8EC3-CB7AEBF27716}.Release|x86.Build.0 = Release|Any CPU
		{50639B74-0DA3-4BF3-AA79-AFF0B953B1C3}.Debug|Any CPU.ActiveCfg = Debug|Any CPU
		{50639B74-0DA3-4BF3-AA79-AFF0B953B1C3}.Debug|Any CPU.Build.0 = Debug|Any CPU
		{50639B74-0DA3-4BF3-AA79-AFF0B953B1C3}.Debug|Mixed Platforms.ActiveCfg = Debug|Any CPU
		{50639B74-0DA3-4BF3-AA79-AFF0B953B1C3}.Debug|Mixed Platforms.Build.0 = Debug|Any CPU
		{50639B74-0DA3-4BF3-AA79-AFF0B953B1C3}.Debug|x86.ActiveCfg = Debug|Any CPU
		{50639B74-0DA3-4BF3-AA79-AFF0B953B1C3}.Debug|x86.Build.0 = Debug|Any CPU
		{50639B74-0DA3-4BF3-AA79-AFF0B953B1C3}.Release|Any CPU.ActiveCfg = Release|Any CPU
		{50639B74-0DA3-4BF3-AA79-AFF0B953B1C3}.Release|Any CPU.Build.0 = Release|Any CPU
		{50639B74-0DA3-4BF3-AA79-AFF0B953B1C3}.Release|Mixed Platforms.ActiveCfg = Release|Any CPU
		{50639B74-0DA3-4BF3-AA79-AFF0B953B1C3}.Release|Mixed Platforms.Build.0 = Release|Any CPU
		{50639B74-0DA3-4BF3-AA79-AFF0B953B1C3}.Release|x86.ActiveCfg = Release|Any CPU
		{50639B74-0DA3-4BF3-AA79-AFF0B953B1C3}.Release|x86.Build.0 = Release|Any CPU
		{3DADDAAD-3E6D-46D1-97E9-2309193545D6}.Debug|Any CPU.ActiveCfg = Debug|Any CPU
		{3DADDAAD-3E6D-46D1-97E9-2309193545D6}.Debug|Any CPU.Build.0 = Debug|Any CPU
		{3DADDAAD-3E6D-46D1-97E9-2309193545D6}.Debug|Mixed Platforms.ActiveCfg = Debug|Any CPU
		{3DADDAAD-3E6D-46D1-97E9-2309193545D6}.Debug|Mixed Platforms.Build.0 = Debug|Any CPU
		{3DADDAAD-3E6D-46D1-97E9-2309193545D6}.Debug|x86.ActiveCfg = Debug|Any CPU
		{3DADDAAD-3E6D-46D1-97E9-2309193545D6}.Debug|x86.Build.0 = Debug|Any CPU
		{3DADDAAD-3E6D-46D1-97E9-2309193545D6}.Release|Any CPU.ActiveCfg = Release|Any CPU
		{3DADDAAD-3E6D-46D1-97E9-2309193545D6}.Release|Any CPU.Build.0 = Release|Any CPU
		{3DADDAAD-3E6D-46D1-97E9-2309193545D6}.Release|Mixed Platforms.ActiveCfg = Release|Any CPU
		{3DADDAAD-3E6D-46D1-97E9-2309193545D6}.Release|Mixed Platforms.Build.0 = Release|Any CPU
		{3DADDAAD-3E6D-46D1-97E9-2309193545D6}.Release|x86.ActiveCfg = Release|Any CPU
		{3DADDAAD-3E6D-46D1-97E9-2309193545D6}.Release|x86.Build.0 = Release|Any CPU
	EndGlobalSection
	GlobalSection(SolutionProperties) = preSolution
		HideSolutionNode = FALSE
	EndGlobalSection
	GlobalSection(ExtensibilityGlobals) = postSolution
		SolutionGuid = {6C9F402D-9E5A-41AA-A201-C6D70C9FE78C}
	EndGlobalSection
EndGlobal
