
Microsoft Visual Studio Solution File, Format Version 12.00
# Visual Studio 2012
Project("{FAE04EC0-301F-11D3-BF4B-00C04F79EFBC}") = "GDIBuilder", "GDIBuilder.csproj", "{B2753861-045F-4B89-85C5-3ACD07670F77}"
EndProject
Project("{FAE04EC0-301F-11D3-BF4B-00C04F79EFBC}") = "DiscUtils", "..\GDIbuilder\DiscUtils\DiscUtils.csproj", "{DBB340F9-2386-43C2-A473-FA496CBE07A4}"
EndProject
Global
	GlobalSection(SolutionConfigurationPlatforms) = preSolution
		Debug|Any CPU = Debug|Any CPU
		Release|Any CPU = Release|Any CPU
		AppStore|Any CPU = AppStore|Any CPU
		SignedRelease|Any CPU = SignedRelease|Any CPU
		Release %28StyleCop%29|Any CPU = Release %28StyleCop%29|Any CPU
	EndGlobalSection
	GlobalSection(ProjectConfigurationPlatforms) = postSolution
		{B2753861-045F-4B89-85C5-3ACD07670F77}.AppStore|Any CPU.ActiveCfg = AppStore|Any CPU
		{B2753861-045F-4B89-85C5-3ACD07670F77}.AppStore|Any CPU.Build.0 = AppStore|Any CPU
		{B2753861-045F-4B89-85C5-3ACD07670F77}.Debug|Any CPU.ActiveCfg = Debug|Any CPU
		{B2753861-045F-4B89-85C5-3ACD07670F77}.Debug|Any CPU.Build.0 = Debug|Any CPU
		{B2753861-045F-4B89-85C5-3ACD07670F77}.Release %28StyleCop%29|Any CPU.ActiveCfg = Debug|Any CPU
		{B2753861-045F-4B89-85C5-3ACD07670F77}.Release %28StyleCop%29|Any CPU.Build.0 = Debug|Any CPU
		{B2753861-045F-4B89-85C5-3ACD07670F77}.Release|Any CPU.ActiveCfg = Release|Any CPU
		{B2753861-045F-4B89-85C5-3ACD07670F77}.Release|Any CPU.Build.0 = Release|Any CPU
		{B2753861-045F-4B89-85C5-3ACD07670F77}.SignedRelease|Any CPU.ActiveCfg = Debug|Any CPU
		{B2753861-045F-4B89-85C5-3ACD07670F77}.SignedRelease|Any CPU.Build.0 = Debug|Any CPU
		{DBB340F9-2386-43C2-A473-FA496CBE07A4}.AppStore|Any CPU.ActiveCfg = Release|Any CPU
		{DBB340F9-2386-43C2-A473-FA496CBE07A4}.AppStore|Any CPU.Build.0 = Release|Any CPU
		{DBB340F9-2386-43C2-A473-FA496CBE07A4}.Debug|Any CPU.ActiveCfg = Debug|Any CPU
		{DBB340F9-2386-43C2-A473-FA496CBE07A4}.Debug|Any CPU.Build.0 = Debug|Any CPU
		{DBB340F9-2386-43C2-A473-FA496CBE07A4}.Release %28StyleCop%29|Any CPU.ActiveCfg = Release %28StyleCop%29|Any CPU
		{DBB340F9-2386-43C2-A473-FA496CBE07A4}.Release %28StyleCop%29|Any CPU.Build.0 = Release %28StyleCop%29|Any CPU
		{DBB340F9-2386-43C2-A473-FA496CBE07A4}.Release|Any CPU.ActiveCfg = Release|Any CPU
		{DBB340F9-2386-43C2-A473-FA496CBE07A4}.Release|Any CPU.Build.0 = Release|Any CPU
		{DBB340F9-2386-43C2-A473-FA496CBE07A4}.SignedRelease|Any CPU.ActiveCfg = SignedRelease|Any CPU
		{DBB340F9-2386-43C2-A473-FA496CBE07A4}.SignedRelease|Any CPU.Build.0 = SignedRelease|Any CPU
	EndGlobalSection
	GlobalSection(MonoDevelopProperties) = preSolution
		StartupItem = GDIBuilder.csproj
		version = 1.0
	EndGlobalSection
EndGlobal
